{
    "_readme": [
        "This file locks the dependencies of your project to a known state",
        "Read more about it at https://getcomposer.org/doc/01-basic-usage.md#installing-dependencies",
        "This file is @generated automatically"
    ],
    "content-hash": "cf91befd6bc556e43301c224fde23da2",
    "packages": [
        {
            "name": "cakephp/console",
            "version": "4.4.1",
            "source": {
                "type": "git",
                "url": "https://github.com/cakephp/console.git",
                "reference": "4d5b8aa74a480316160924960cd343218702bd37"
            },
            "dist": {
                "type": "zip",
                "url": "https://api.github.com/repos/cakephp/console/zipball/4d5b8aa74a480316160924960cd343218702bd37",
                "reference": "4d5b8aa74a480316160924960cd343218702bd37",
                "shasum": ""
            },
            "require": {
                "cakephp/core": "^4.0",
                "cakephp/event": "^4.0",
                "cakephp/filesystem": "^4.0",
                "cakephp/log": "^4.0",
                "cakephp/utility": "^4.0",
                "php": ">=7.4.0"
            },
            "suggest": {
                "cakephp/datasource": "To use the Shell or Command base classes",
                "cakephp/orm": "To use the Shell or Command base classes"
            },
            "type": "library",
            "autoload": {
                "psr-4": {
                    "Cake\\Console\\": "."
                }
            },
            "notification-url": "https://packagist.org/downloads/",
            "license": [
                "MIT"
            ],
            "authors": [
                {
                    "name": "CakePHP Community",
                    "homepage": "https://github.com/cakephp/cache/graphs/contributors"
                }
            ],
            "description": "Build beautiful console applications with CakePHP",
            "homepage": "https://cakephp.org",
            "keywords": [
                "cakephp",
                "cli",
                "console",
                "framework"
            ],
            "support": {
                "forum": "https://stackoverflow.com/tags/cakephp",
                "irc": "irc://irc.freenode.org/cakephp",
                "issues": "https://github.com/cakephp/cakephp/issues",
                "source": "https://github.com/cakephp/console"
            },
            "time": "2022-05-31T20:57:08+00:00"
        },
        {
            "name": "cakephp/core",
            "version": "4.4.1",
            "source": {
                "type": "git",
                "url": "https://github.com/cakephp/core.git",
                "reference": "884555efcf573ea23597f9c88a12ed6d58af00f3"
            },
            "dist": {
                "type": "zip",
                "url": "https://api.github.com/repos/cakephp/core/zipball/884555efcf573ea23597f9c88a12ed6d58af00f3",
                "reference": "884555efcf573ea23597f9c88a12ed6d58af00f3",
                "shasum": ""
            },
            "require": {
                "cakephp/utility": "^4.0",
                "php": ">=7.4.0"
            },
            "suggest": {
                "cakephp/cache": "To use Configure::store() and restore().",
                "cakephp/event": "To use PluginApplicationInterface or plugin applications.",
                "league/container": "To use Container and ServiceProvider classes"
            },
            "type": "library",
            "autoload": {
                "files": [
                    "functions.php"
                ],
                "psr-4": {
                    "Cake\\Core\\": "."
                }
            },
            "notification-url": "https://packagist.org/downloads/",
            "license": [
                "MIT"
            ],
            "authors": [
                {
                    "name": "CakePHP Community",
                    "homepage": "https://github.com/cakephp/core/graphs/contributors"
                }
            ],
            "description": "CakePHP Framework Core classes",
            "homepage": "https://cakephp.org",
            "keywords": [
                "cakephp",
                "core",
                "framework"
            ],
            "support": {
                "forum": "https://stackoverflow.com/tags/cakephp",
                "irc": "irc://irc.freenode.org/cakephp",
                "issues": "https://github.com/cakephp/cakephp/issues",
                "source": "https://github.com/cakephp/core"
            },
            "time": "2022-05-31T20:57:08+00:00"
        },
        {
            "name": "cakephp/event",
            "version": "4.4.1",
            "source": {
                "type": "git",
                "url": "https://github.com/cakephp/event.git",
                "reference": "a9d8948f7e548d5115b8b896121debee5525b56d"
            },
            "dist": {
                "type": "zip",
                "url": "https://api.github.com/repos/cakephp/event/zipball/a9d8948f7e548d5115b8b896121debee5525b56d",
                "reference": "a9d8948f7e548d5115b8b896121debee5525b56d",
                "shasum": ""
            },
            "require": {
                "cakephp/core": "^4.0",
                "php": ">=7.4.0"
            },
            "type": "library",
            "autoload": {
                "psr-4": {
                    "Cake\\Event\\": "."
                }
            },
            "notification-url": "https://packagist.org/downloads/",
            "license": [
                "MIT"
            ],
            "authors": [
                {
                    "name": "CakePHP Community",
                    "homepage": "https://github.com/cakephp/event/graphs/contributors"
                }
            ],
            "description": "CakePHP event dispatcher library that helps implementing the observer pattern",
            "homepage": "https://cakephp.org",
            "keywords": [
                "cakephp",
                "dispatcher",
                "event",
                "observer pattern"
            ],
            "support": {
                "forum": "https://stackoverflow.com/tags/cakephp",
                "irc": "irc://irc.freenode.org/cakephp",
                "issues": "https://github.com/cakephp/cakephp/issues",
                "source": "https://github.com/cakephp/event"
            },
            "time": "2022-06-07T09:46:53+00:00"
        },
        {
            "name": "cakephp/filesystem",
            "version": "4.4.1",
            "source": {
                "type": "git",
                "url": "https://github.com/cakephp/filesystem.git",
                "reference": "1a103684ac455ddd21432b115dafbdc212615a4a"
            },
            "dist": {
                "type": "zip",
                "url": "https://api.github.com/repos/cakephp/filesystem/zipball/1a103684ac455ddd21432b115dafbdc212615a4a",
                "reference": "1a103684ac455ddd21432b115dafbdc212615a4a",
                "shasum": ""
            },
            "require": {
                "cakephp/core": "^4.0",
                "php": ">=7.4.0"
            },
            "type": "library",
            "autoload": {
                "psr-4": {
                    "Cake\\Filesystem\\": "."
                }
            },
            "notification-url": "https://packagist.org/downloads/",
            "license": [
                "MIT"
            ],
            "authors": [
                {
                    "name": "CakePHP Community",
                    "homepage": "https://github.com/cakephp/filesystem/graphs/contributors"
                }
            ],
            "description": "CakePHP filesystem convenience classes to help you work with files and folders.",
            "homepage": "https://cakephp.org",
            "keywords": [
                "cakephp",
                "files",
                "filesystem",
                "folders"
            ],
            "support": {
                "forum": "https://stackoverflow.com/tags/cakephp",
                "irc": "irc://irc.freenode.org/cakephp",
                "issues": "https://github.com/cakephp/cakephp/issues",
                "source": "https://github.com/cakephp/filesystem"
            },
            "time": "2021-12-18T13:02:04+00:00"
        },
        {
            "name": "cakephp/log",
            "version": "4.4.1",
            "source": {
                "type": "git",
                "url": "https://github.com/cakephp/log.git",
                "reference": "7512cc01a5b1fd382ed0a372be5c0e04bc4b3b62"
            },
            "dist": {
                "type": "zip",
                "url": "https://api.github.com/repos/cakephp/log/zipball/7512cc01a5b1fd382ed0a372be5c0e04bc4b3b62",
                "reference": "7512cc01a5b1fd382ed0a372be5c0e04bc4b3b62",
                "shasum": ""
            },
            "require": {
                "cakephp/core": "^4.0",
                "php": ">=7.4.0",
                "psr/log": "^1.0 || ^2.0"
            },
            "provide": {
                "psr/log-implementation": "^1.0.0"
            },
            "type": "library",
            "autoload": {
                "psr-4": {
                    "Cake\\Log\\": "."
                }
            },
            "notification-url": "https://packagist.org/downloads/",
            "license": [
                "MIT"
            ],
            "authors": [
                {
                    "name": "CakePHP Community",
                    "homepage": "https://github.com/cakephp/log/graphs/contributors"
                }
            ],
            "description": "CakePHP logging library with support for multiple different streams",
            "homepage": "https://cakephp.org",
            "keywords": [
                "Streams",
                "cakephp",
                "log",
                "logging"
            ],
            "support": {
                "forum": "https://stackoverflow.com/tags/cakephp",
                "irc": "irc://irc.freenode.org/cakephp",
                "issues": "https://github.com/cakephp/cakephp/issues",
                "source": "https://github.com/cakephp/log"
            },
            "time": "2022-01-27T16:59:04+00:00"
        },
        {
            "name": "cakephp/utility",
            "version": "4.4.1",
            "source": {
                "type": "git",
                "url": "https://github.com/cakephp/utility.git",
                "reference": "b2a47e038954432b2e09d3406559a75656ebe131"
            },
            "dist": {
                "type": "zip",
                "url": "https://api.github.com/repos/cakephp/utility/zipball/b2a47e038954432b2e09d3406559a75656ebe131",
                "reference": "b2a47e038954432b2e09d3406559a75656ebe131",
                "shasum": ""
            },
            "require": {
                "cakephp/core": "^4.0",
                "php": ">=7.4.0"
            },
            "suggest": {
                "ext-intl": "To use Text::transliterate() or Text::slug()",
                "lib-ICU": "To use Text::transliterate() or Text::slug()"
            },
            "type": "library",
            "autoload": {
                "files": [
                    "bootstrap.php"
                ],
                "psr-4": {
                    "Cake\\Utility\\": "."
                }
            },
            "notification-url": "https://packagist.org/downloads/",
            "license": [
                "MIT"
            ],
            "authors": [
                {
                    "name": "CakePHP Community",
                    "homepage": "https://github.com/cakephp/utility/graphs/contributors"
                }
            ],
            "description": "CakePHP Utility classes such as Inflector, String, Hash, and Security",
            "homepage": "https://cakephp.org",
            "keywords": [
                "cakephp",
                "hash",
                "inflector",
                "security",
                "string",
                "utility"
            ],
            "support": {
                "forum": "https://stackoverflow.com/tags/cakephp",
                "irc": "irc://irc.freenode.org/cakephp",
                "issues": "https://github.com/cakephp/cakephp/issues",
                "source": "https://github.com/cakephp/utility"
            },
            "time": "2022-05-20T04:16:49+00:00"
        },
        {
            "name": "league/csv",
            "version": "9.8.0",
            "source": {
                "type": "git",
                "url": "https://github.com/thephpleague/csv.git",
                "reference": "9d2e0265c5d90f5dd601bc65ff717e05cec19b47"
            },
            "dist": {
                "type": "zip",
                "url": "https://api.github.com/repos/thephpleague/csv/zipball/9d2e0265c5d90f5dd601bc65ff717e05cec19b47",
                "reference": "9d2e0265c5d90f5dd601bc65ff717e05cec19b47",
                "shasum": ""
            },
            "require": {
                "ext-json": "*",
                "ext-mbstring": "*",
                "php": "^7.4 || ^8.0"
            },
            "require-dev": {
                "ext-curl": "*",
                "ext-dom": "*",
                "friendsofphp/php-cs-fixer": "^v3.4.0",
                "phpstan/phpstan": "^1.3.0",
                "phpstan/phpstan-phpunit": "^1.0.0",
                "phpstan/phpstan-strict-rules": "^1.1.0",
                "phpunit/phpunit": "^9.5.11"
            },
            "suggest": {
                "ext-dom": "Required to use the XMLConverter and or the HTMLConverter classes",
                "ext-iconv": "Needed to ease transcoding CSV using iconv stream filters"
            },
            "type": "library",
            "extra": {
                "branch-alias": {
                    "dev-master": "9.x-dev"
                }
            },
            "autoload": {
                "files": [
                    "src/functions_include.php"
                ],
                "psr-4": {
                    "League\\Csv\\": "src"
                }
            },
            "notification-url": "https://packagist.org/downloads/",
            "license": [
                "MIT"
            ],
            "authors": [
                {
                    "name": "Ignace Nyamagana Butera",
                    "email": "nyamsprod@gmail.com",
                    "homepage": "https://github.com/nyamsprod/",
                    "role": "Developer"
                }
            ],
            "description": "CSV data manipulation made easy in PHP",
            "homepage": "https://csv.thephpleague.com",
            "keywords": [
                "convert",
                "csv",
                "export",
                "filter",
                "import",
                "read",
                "transform",
                "write"
            ],
            "support": {
                "docs": "https://csv.thephpleague.com",
                "issues": "https://github.com/thephpleague/csv/issues",
                "rss": "https://github.com/thephpleague/csv/releases.atom",
                "source": "https://github.com/thephpleague/csv"
            },
            "funding": [
                {
                    "url": "https://github.com/sponsors/nyamsprod",
                    "type": "github"
                }
            ],
            "time": "2022-01-04T00:13:07+00:00"
        },
        {
            "name": "psr/log",
            "version": "2.0.0",
            "source": {
                "type": "git",
                "url": "https://github.com/php-fig/log.git",
                "reference": "ef29f6d262798707a9edd554e2b82517ef3a9376"
            },
            "dist": {
                "type": "zip",
                "url": "https://api.github.com/repos/php-fig/log/zipball/ef29f6d262798707a9edd554e2b82517ef3a9376",
                "reference": "ef29f6d262798707a9edd554e2b82517ef3a9376",
                "shasum": ""
            },
            "require": {
                "php": ">=8.0.0"
            },
            "type": "library",
            "extra": {
                "branch-alias": {
                    "dev-master": "2.0.x-dev"
                }
            },
            "autoload": {
                "psr-4": {
                    "Psr\\Log\\": "src"
                }
            },
            "notification-url": "https://packagist.org/downloads/",
            "license": [
                "MIT"
            ],
            "authors": [
                {
                    "name": "PHP-FIG",
                    "homepage": "https://www.php-fig.org/"
                }
            ],
            "description": "Common interface for logging libraries",
            "homepage": "https://github.com/php-fig/log",
            "keywords": [
                "log",
                "psr",
                "psr-3"
            ],
            "support": {
                "source": "https://github.com/php-fig/log/tree/2.0.0"
            },
            "time": "2021-07-14T16:41:46+00:00"
        }
    ],
    "packages-dev": [],
    "aliases": [],
    "minimum-stability": "stable",
    "stability-flags": [],
    "prefer-stable": false,
    "prefer-lowest": false,
    "platform": [],
    "platform-dev": [],
    "plugin-api-version": "2.2.0"
}
